// !$*UTF8*$!
{
	archiveVersion = 1;
	classes = {
	};
	objectVersion = 50;
	objects = {

/* Begin PBXBuildFile section */
		76DA9D582502809E00A5A0E7 /* GoalsVC.swift in Sources */ = {isa = PBXBuildFile; fileRef = 76DA9D572502809E00A5A0E7 /* GoalsVC.swift */; };
		76DA9D5A2502E98600A5A0E7 /* GoalCell.swift in Sources */ = {isa = PBXBuildFile; fileRef = 76DA9D592502E98600A5A0E7 /* GoalCell.swift */; };
		76DA9D5C2503CADE00A5A0E7 /* Goaltypes.swift in Sources */ = {isa = PBXBuildFile; fileRef = 76DA9D5B2503CADE00A5A0E7 /* Goaltypes.swift */; };
		76DA9D5E2503CE9E00A5A0E7 /* CreateGoalVC.swift in Sources */ = {isa = PBXBuildFile; fileRef = 76DA9D5D2503CE9E00A5A0E7 /* CreateGoalVC.swift */; };
		76DA9D622503DCC300A5A0E7 /* ExtensionVC.swift in Sources */ = {isa = PBXBuildFile; fileRef = 76DA9D612503DCC300A5A0E7 /* ExtensionVC.swift */; };
		76DA9D6625043D7A00A5A0E7 /* UIViewExtension.swift in Sources */ = {isa = PBXBuildFile; fileRef = 76DA9D6525043D7A00A5A0E7 /* UIViewExtension.swift */; };
		76DA9D6825043D9300A5A0E7 /* UIButtonExtension.swift in Sources */ = {isa = PBXBuildFile; fileRef = 76DA9D6725043D9300A5A0E7 /* UIButtonExtension.swift */; };
		76F986A42501367200D4038B /* AppDelegate.swift in Sources */ = {isa = PBXBuildFile; fileRef = 76F986A32501367200D4038B /* AppDelegate.swift */; };
		76F986A62501367200D4038B /* SceneDelegate.swift in Sources */ = {isa = PBXBuildFile; fileRef = 76F986A52501367200D4038B /* SceneDelegate.swift */; };
		76F986AB2501367200D4038B /* Main.storyboard in Resources */ = {isa = PBXBuildFile; fileRef = 76F986A92501367200D4038B /* Main.storyboard */; };
		76F986AE2501367200D4038B /* SetGoalApp.xcdatamodeld in Sources */ = {isa = PBXBuildFile; fileRef = 76F986AC2501367200D4038B /* SetGoalApp.xcdatamodeld */; };
		76F986B02501367400D4038B /* Assets.xcassets in Resources */ = {isa = PBXBuildFile; fileRef = 76F986AF2501367400D4038B /* Assets.xcassets */; };
		76F986B32501367400D4038B /* LaunchScreen.storyboard in Resources */ = {isa = PBXBuildFile; fileRef = 76F986B12501367400D4038B /* LaunchScreen.storyboard */; };
/* End PBXBuildFile section */

/* Begin PBXFileReference section */
		76DA9D572502809E00A5A0E7 /* GoalsVC.swift */ = {isa = PBXFileReference; lastKnownFileType = sourcecode.swift; path = GoalsVC.swift; sourceTree = "<group>"; };
		76DA9D592502E98600A5A0E7 /* GoalCell.swift */ = {isa = PBXFileReference; lastKnownFileType = sourcecode.swift; path = GoalCell.swift; sourceTree = "<group>"; };
		76DA9D5B2503CADE00A5A0E7 /* Goaltypes.swift */ = {isa = PBXFileReference; lastKnownFileType = sourcecode.swift; path = Goaltypes.swift; sourceTree = "<group>"; };
		76DA9D5D2503CE9E00A5A0E7 /* CreateGoalVC.swift */ = {isa = PBXFileReference; lastKnownFileType = sourcecode.swift; path = CreateGoalVC.swift; sourceTree = "<group>"; };
		76DA9D612503DCC300A5A0E7 /* ExtensionVC.swift */ = {isa = PBXFileReference; lastKnownFileType = sourcecode.swift; path = ExtensionVC.swift; sourceTree = "<group>"; };
		76DA9D6525043D7A00A5A0E7 /* UIViewExtension.swift */ = {isa = PBXFileReference; lastKnownFileType = sourcecode.swift; path = UIViewExtension.swift; sourceTree = "<group>"; };
		76DA9D6725043D9300A5A0E7 /* UIButtonExtension.swift */ = {isa = PBXFileReference; lastKnownFileType = sourcecode.swift; path = UIButtonExtension.swift; sourceTree = "<group>"; };
		76F986A02501367200D4038B /* SetGoalApp.app */ = {isa = PBXFileReference; explicitFileType = wrapper.application; includeInIndex = 0; path = SetGoalApp.app; sourceTree = BUILT_PRODUCTS_DIR; };
		76F986A32501367200D4038B /* AppDelegate.swift */ = {isa = PBXFileReference; lastKnownFileType = sourcecode.swift; path = AppDelegate.swift; sourceTree = "<group>"; };
		76F986A52501367200D4038B /* SceneDelegate.swift */ = {isa = PBXFileReference; lastKnownFileType = sourcecode.swift; path = SceneDelegate.swift; sourceTree = "<group>"; };
		76F986AA2501367200D4038B /* Base */ = {isa = PBXFileReference; lastKnownFileType = file.storyboard; name = Base; path = Base.lproj/Main.storyboard; sourceTree = "<group>"; };
		76F986AD2501367200D4038B /* SetGoalApp.xcdatamodel */ = {isa = PBXFileReference; lastKnownFileType = wrapper.xcdatamodel; path = SetGoalApp.xcdatamodel; sourceTree = "<group>"; };
		76F986AF2501367400D4038B /* Assets.xcassets */ = {isa = PBXFileReference; lastKnownFileType = folder.assetcatalog; path = Assets.xcassets; sourceTree = "<group>"; };
		76F986B22501367400D4038B /* Base */ = {isa = PBXFileReference; lastKnownFileType = file.storyboard; name = Base; path = Base.lproj/LaunchScreen.storyboard; sourceTree = "<group>"; };
		76F986B42501367400D4038B /* Info.plist */ = {isa = PBXFileReference; lastKnownFileType = text.plist.xml; path = Info.plist; sourceTree = "<group>"; };
/* End PBXFileReference section */

/* Begin PBXFrameworksBuildPhase section */
		76F9869D2501367200D4038B /* Frameworks */ = {
			isa = PBXFrameworksBuildPhase;
			buildActionMask = 2147483647;
			files = (
			);
			runOnlyForDeploymentPostprocessing = 0;
		};
/* End PBXFrameworksBuildPhase section */

/* Begin PBXGroup section */
		76DA9D5225027F8D00A5A0E7 /* Controller */ = {
			isa = PBXGroup;
			children = (
			);
			path = Controller;
			sourceTree = "<group>";
		};
		76DA9D5325027F9600A5A0E7 /* View */ = {
			isa = PBXGroup;
			children = (
				76DA9D572502809E00A5A0E7 /* GoalsVC.swift */,
				76DA9D592502E98600A5A0E7 /* GoalCell.swift */,
				76DA9D5D2503CE9E00A5A0E7 /* CreateGoalVC.swift */,
			);
			path = View;
			sourceTree = "<group>";
		};
		76DA9D5425027FA300A5A0E7 /* Model */ = {
			isa = PBXGroup;
			children = (
			);
			path = Model;
			sourceTree = "<group>";
		};
		76DA9D5525027FAF00A5A0E7 /* Enums */ = {
			isa = PBXGroup;
			children = (
				76DA9D5B2503CADE00A5A0E7 /* Goaltypes.swift */,
			);
			path = Enums;
			sourceTree = "<group>";
		};
		76DA9D5625027FBC00A5A0E7 /* Extensions */ = {
			isa = PBXGroup;
			children = (
				76DA9D612503DCC300A5A0E7 /* ExtensionVC.swift */,
				76DA9D6525043D7A00A5A0E7 /* UIViewExtension.swift */,
				76DA9D6725043D9300A5A0E7 /* UIButtonExtension.swift */,
			);
			path = Extensions;
			sourceTree = "<group>";
		};
		76F986972501367200D4038B = {
			isa = PBXGroup;
			children = (
				76F986A22501367200D4038B /* SetGoalApp */,
				76F986A12501367200D4038B /* Products */,
			);
			sourceTree = "<group>";
		};
		76F986A12501367200D4038B /* Products */ = {
			isa = PBXGroup;
			children = (
				76F986A02501367200D4038B /* SetGoalApp.app */,
			);
			name = Products;
			sourceTree = "<group>";
		};
		76F986A22501367200D4038B /* SetGoalApp */ = {
			isa = PBXGroup;
			children = (
				76DA9D5625027FBC00A5A0E7 /* Extensions */,
				76DA9D5525027FAF00A5A0E7 /* Enums */,
				76DA9D5425027FA300A5A0E7 /* Model */,
				76DA9D5325027F9600A5A0E7 /* View */,
				76DA9D5225027F8D00A5A0E7 /* Controller */,
				76F986A32501367200D4038B /* AppDelegate.swift */,
				76F986A52501367200D4038B /* SceneDelegate.swift */,
				76F986A92501367200D4038B /* Main.storyboard */,
				76F986AF2501367400D4038B /* Assets.xcassets */,
				76F986B12501367400D4038B /* LaunchScreen.storyboard */,
				76F986B42501367400D4038B /* Info.plist */,
				76F986AC2501367200D4038B /* SetGoalApp.xcdatamodeld */,
			);
			path = SetGoalApp;
			sourceTree = "<group>";
		};
/* End PBXGroup section */

/* Begin PBXNativeTarget section */
		76F9869F2501367200D4038B /* SetGoalApp */ = {
			isa = PBXNativeTarget;
			buildConfigurationList = 76F986B72501367400D4038B /* Build configuration list for PBXNativeTarget "SetGoalApp" */;
			buildPhases = (
				76F9869C2501367200D4038B /* Sources */,
				76F9869D2501367200D4038B /* Frameworks */,
				76F9869E2501367200D4038B /* Resources */,
			);
			buildRules = (
			);
			dependencies = (
			);
			name = SetGoalApp;
			productName = SetGoalApp;
			productReference = 76F986A02501367200D4038B /* SetGoalApp.app */;
			productType = "com.apple.product-type.application";
		};
/* End PBXNativeTarget section */

/* Begin PBXProject section */
		76F986982501367200D4038B /* Project object */ = {
			isa = PBXProject;
			attributes = {
				LastSwiftUpdateCheck = 1130;
				LastUpgradeCheck = 1130;
				ORGANIZATIONNAME = "El nino Cholo";
				TargetAttributes = {
					76F9869F2501367200D4038B = {
						CreatedOnToolsVersion = 11.3.1;
					};
				};
			};
			buildConfigurationList = 76F9869B2501367200D4038B /* Build configuration list for PBXProject "SetGoalApp" */;
			compatibilityVersion = "Xcode 9.3";
			developmentRegion = en;
			hasScannedForEncodings = 0;
			knownRegions = (
				en,
				Base,
			);
			mainGroup = 76F986972501367200D4038B;
			productRefGroup = 76F986A12501367200D4038B /* Products */;
			projectDirPath = "";
			projectRoot = "";
			targets = (
				76F9869F2501367200D4038B /* SetGoalApp */,
			);
		};
/* End PBXProject section */

/* Begin PBXResourcesBuildPhase section */
		76F9869E2501367200D4038B /* Resources */ = {
			isa = PBXResourcesBuildPhase;
			buildActionMask = 2147483647;
			files = (
				76F986B32501367400D4038B /* LaunchScreen.storyboard in Resources */,
				76F986B02501367400D4038B /* Assets.xcassets in Resources */,
				76F986AB2501367200D4038B /* Main.storyboard in Resources */,
			);
			runOnlyForDeploymentPostprocessing = 0;
		};
/* End PBXResourcesBuildPhase section */

/* Begin PBXSourcesBuildPhase section */
		76F9869C2501367200D4038B /* Sources */ = {
			isa = PBXSourcesBuildPhase;
			buildActionMask = 2147483647;
			files = (
				76F986A42501367200D4038B /* AppDelegate.swift in Sources */,
				76DA9D6825043D9300A5A0E7 /* UIButtonExtension.swift in Sources */,
				76F986A62501367200D4038B /* SceneDelegate.swift in Sources */,
				76DA9D622503DCC300A5A0E7 /* ExtensionVC.swift in Sources */,
				76DA9D582502809E00A5A0E7 /* GoalsVC.swift in Sources */,
				76DA9D5A2502E98600A5A0E7 /* GoalCell.swift in Sources */,
				76DA9D5E2503CE9E00A5A0E7 /* CreateGoalVC.swift in Sources */,
				76DA9D6625043D7A00A5A0E7 /* UIViewExtension.swift in Sources */,
				76DA9D5C2503CADE00A5A0E7 /* Goaltypes.swift in Sources */,
				76F986AE2501367200D4038B /* SetGoalApp.xcdatamodeld in Sources */,
			);
			runOnlyForDeploymentPostprocessing = 0;
		};
/* End PBXSourcesBuildPhase section */

/* Begin PBXVariantGroup section */
		76F986A92501367200D4038B /* Main.storyboard */ = {
			isa = PBXVariantGroup;
			children = (
				76F986AA2501367200D4038B /* Base */,
			);
			name = Main.storyboard;
			sourceTree = "<group>";
		};
		76F986B12501367400D4038B /* LaunchScreen.storyboard */ = {
			isa = PBXVariantGroup;
			children = (
				76F986B22501367400D4038B /* Base */,
			);
			name = LaunchScreen.storyboard;
			sourceTree = "<group>";
		};
/* End PBXVariantGroup section */

/* Begin XCBuildConfiguration section */
		76F986B52501367400D4038B /* Debug */ = {
			isa = XCBuildConfiguration;
			buildSettings = {
				ALWAYS_SEARCH_USER_PATHS = NO;
				CLANG_ANALYZER_NONNULL = YES;
				CLANG_ANALYZER_NUMBER_OBJECT_CONVERSION = YES_AGGRESSIVE;
				CLANG_CXX_LANGUAGE_STANDARD = "gnu++14";
				CLANG_CXX_LIBRARY = "libc++";
				CLANG_ENABLE_MODULES = YES;
				CLANG_ENABLE_OBJC_ARC = YES;
				CLANG_ENABLE_OBJC_WEAK = YES;
				CLANG_WARN_BLOCK_CAPTURE_AUTORELEASING = YES;
				CLANG_WARN_BOOL_CONVERSION = YES;
				CLANG_WARN_COMMA = YES;
				CLANG_WARN_CONSTANT_CONVERSION = YES;
				CLANG_WARN_DEPRECATED_OBJC_IMPLEMENTATIONS = YES;
				CLANG_WARN_DIRECT_OBJC_ISA_USAGE = YES_ERROR;
				CLANG_WARN_DOCUMENTATION_COMMENTS = YES;
				CLANG_WARN_EMPTY_BODY = YES;
				CLANG_WARN_ENUM_CONVERSION = YES;
				CLANG_WARN_INFINITE_RECURSION = YES;
				CLANG_WARN_INT_CONVERSION = YES;
				CLANG_WARN_NON_LITERAL_NULL_CONVERSION = YES;
				CLANG_WARN_OBJC_IMPLICIT_RETAIN_SELF = YES;
				CLANG_WARN_OBJC_LITERAL_CONVERSION = YES;
				CLANG_WARN_OBJC_ROOT_CLASS = YES_ERROR;
				CLANG_WARN_RANGE_LOOP_ANALYSIS = YES;
				CLANG_WARN_STRICT_PROTOTYPES = YES;
				CLANG_WARN_SUSPICIOUS_MOVE = YES;
				CLANG_WARN_UNGUARDED_AVAILABILITY = YES_AGGRESSIVE;
				CLANG_WARN_UNREACHABLE_CODE = YES;
				CLANG_WARN__DUPLICATE_METHOD_MATCH = YES;
				COPY_PHASE_STRIP = NO;
				DEBUG_INFORMATION_FORMAT = dwarf;
				ENABLE_STRICT_OBJC_MSGSEND = YES;
				ENABLE_TESTABILITY = YES;
				GCC_C_LANGUAGE_STANDARD = gnu11;
				GCC_DYNAMIC_NO_PIC = NO;
				GCC_NO_COMMON_BLOCKS = YES;
				GCC_OPTIMIZATION_LEVEL = 0;
				GCC_PREPROCESSOR_DEFINITIONS = (
					"DEBUG=1",
					"$(inherited)",
				);
				GCC_WARN_64_TO_32_BIT_CONVERSION = YES;
				GCC_WARN_ABOUT_RETURN_TYPE = YES_ERROR;
				GCC_WARN_UNDECLARED_SELECTOR = YES;
				GCC_WARN_UNINITIALIZED_AUTOS = YES_AGGRESSIVE;
				GCC_WARN_UNUSED_FUNCTION = YES;
				GCC_WARN_UNUSED_VARIABLE = YES;
				IPHONEOS_DEPLOYMENT_TARGET = 13.2;
				MTL_ENABLE_DEBUG_INFO = INCLUDE_SOURCE;
				MTL_FAST_MATH = YES;
				ONLY_ACTIVE_ARCH = YES;
				SDKROOT = iphoneos;
				SWIFT_ACTIVE_COMPILATION_CONDITIONS = DEBUG;
				SWIFT_OPTIMIZATION_LEVEL = "-Onone";
			};
			name = Debug;
		};
		76F986B62501367400D4038B /* Release */ = {
			isa = XCBuildConfiguration;
			buildSettings = {
				ALWAYS_SEARCH_USER_PATHS = NO;
				CLANG_ANALYZER_NONNULL = YES;
				CLANG_ANALYZER_NUMBER_OBJECT_CONVERSION = YES_AGGRESSIVE;
				CLANG_CXX_LANGUAGE_STANDARD = "gnu++14";
				CLANG_CXX_LIBRARY = "libc++";
				CLANG_ENABLE_MODULES = YES;
				CLANG_ENABLE_OBJC_ARC = YES;
				CLANG_ENABLE_OBJC_WEAK = YES;
				CLANG_WARN_BLOCK_CAPTURE_AUTORELEASING = YES;
				CLANG_WARN_BOOL_CONVERSION = YES;
				CLANG_WARN_COMMA = YES;
				CLANG_WARN_CONSTANT_CONVERSION = YES;
				CLANG_WARN_DEPRECATED_OBJC_IMPLEMENTATIONS = YES;
				CLANG_WARN_DIRECT_OBJC_ISA_USAGE = YES_ERROR;
				CLANG_WARN_DOCUMENTATION_COMMENTS = YES;
				CLANG_WARN_EMPTY_BODY = YES;
				CLANG_WARN_ENUM_CONVERSION = YES;
				CLANG_WARN_INFINITE_RECURSION = YES;
				CLANG_WARN_INT_CONVERSION = YES;
				CLANG_WARN_NON_LITERAL_NULL_CONVERSION = YES;
				CLANG_WARN_OBJC_IMPLICIT_RETAIN_SELF = YES;
				CLANG_WARN_OBJC_LITERAL_CONVERSION = YES;
				CLANG_WARN_OBJC_ROOT_CLASS = YES_ERROR;
				CLANG_WARN_RANGE_LOOP_ANALYSIS = YES;
				CLANG_WARN_STRICT_PROTOTYPES = YES;
				CLANG_WARN_SUSPICIOUS_MOVE = YES;
				CLANG_WARN_UNGUARDED_AVAILABILITY = YES_AGGRESSIVE;
				CLANG_WARN_UNREACHABLE_CODE = YES;
				CLANG_WARN__DUPLICATE_METHOD_MATCH = YES;
				COPY_PHASE_STRIP = NO;
				DEBUG_INFORMATION_FORMAT = "dwarf-with-dsym";
				ENABLE_NS_ASSERTIONS = NO;
				ENABLE_STRICT_OBJC_MSGSEND = YES;
				GCC_C_LANGUAGE_STANDARD = gnu11;
				GCC_NO_COMMON_BLOCKS = YES;
				GCC_WARN_64_TO_32_BIT_CONVERSION = YES;
				GCC_WARN_ABOUT_RETURN_TYPE = YES_ERROR;
				GCC_WARN_UNDECLARED_SELECTOR = YES;
				GCC_WARN_UNINITIALIZED_AUTOS = YES_AGGRESSIVE;
				GCC_WARN_UNUSED_FUNCTION = YES;
				GCC_WARN_UNUSED_VARIABLE = YES;
				IPHONEOS_DEPLOYMENT_TARGET = 13.2;
				MTL_ENABLE_DEBUG_INFO = NO;
				MTL_FAST_MATH = YES;
				SDKROOT = iphoneos;
				SWIFT_COMPILATION_MODE = wholemodule;
				SWIFT_OPTIMIZATION_LEVEL = "-O";
				VALIDATE_PRODUCT = YES;
			};
			name = Release;
		};
		76F986B82501367400D4038B /* Debug */ = {
			isa = XCBuildConfiguration;
			buildSettings = {
				ASSETCATALOG_COMPILER_APPICON_NAME = AppIcon;
				CODE_SIGN_STYLE = Automatic;
				DEVELOPMENT_TEAM = SH48NLQR9Y;
				INFOPLIST_FILE = SetGoalApp/Info.plist;
				LD_RUNPATH_SEARCH_PATHS = (
					"$(inherited)",
					"@executable_path/Frameworks",
				);
				PRODUCT_BUNDLE_IDENTIFIER = zando.SetGoalApp;
				PRODUCT_NAME = "$(TARGET_NAME)";
				SWIFT_VERSION = 5.0;
				TARGETED_DEVICE_FAMILY = "1,2";
			};
			name = Debug;
		};
		76F986B92501367400D4038B /* Release */ = {
			isa = XCBuildConfiguration;
			buildSettings = {
				ASSETCATALOG_COMPILER_APPICON_NAME = AppIcon;
				CODE_SIGN_STYLE = Automatic;
				DEVELOPMENT_TEAM = SH48NLQR9Y;
				INFOPLIST_FILE = SetGoalApp/Info.plist;
				LD_RUNPATH_SEARCH_PATHS = (
					"$(inherited)",
					"@executable_path/Frameworks",
				);
				PRODUCT_BUNDLE_IDENTIFIER = zando.SetGoalApp;
				PRODUCT_NAME = "$(TARGET_NAME)";
				SWIFT_VERSION = 5.0;
				TARGETED_DEVICE_FAMILY = "1,2";
			};
			name = Release;
		};
/* End XCBuildConfiguration section */

/* Begin XCConfigurationList section */
		76F9869B2501367200D4038B /* Build configuration list for PBXProject "SetGoalApp" */ = {
			isa = XCConfigurationList;
			buildConfigurations = (
				76F986B52501367400D4038B /* Debug */,
				76F986B62501367400D4038B /* Release */,
			);
			defaultConfigurationIsVisible = 0;
			defaultConfigurationName = Release;
		};
		76F986B72501367400D4038B /* Build configuration list for PBXNativeTarget "SetGoalApp" */ = {
			isa = XCConfigurationList;
			buildConfigurations = (
				76F986B82501367400D4038B /* Debug */,
				76F986B92501367400D4038B /* Release */,
			);
			defaultConfigurationIsVisible = 0;
			defaultConfigurationName = Release;
		};
/* End XCConfigurationList section */

/* Begin XCVersionGroup section */
		76F986AC2501367200D4038B /* SetGoalApp.xcdatamodeld */ = {
			isa = XCVersionGroup;
			children = (
				76F986AD2501367200D4038B /* SetGoalApp.xcdatamodel */,
			);
			currentVersion = 76F986AD2501367200D4038B /* SetGoalApp.xcdatamodel */;
			path = SetGoalApp.xcdatamodeld;
			sourceTree = "<group>";
			versionGroupType = wrapper.xcdatamodel;
		};
/* End XCVersionGroup section */
	};
	rootObject = 76F986982501367200D4038B /* Project object */;
}
